
Microsoft Visual Studio Solution File, Format Version 12.00
# Visual Studio Version 16
VisualStudioVersion = 16.0.30611.23
MinimumVisualStudioVersion = 10.0.40219.1
Project("{FAE04EC0-301F-11D3-BF4B-00C04F79EFBC}") = "ConsoleApiClient", "ConsoleApiClient\ConsoleApiClient.csproj", "{2BF15AB0-1585-49DE-B07E-9AD2EFCDB2F4}"
EndProject
Global
	GlobalSection(SolutionConfigurationPlatforms) = preSolution
		Debug|Any CPU = Debug|Any CPU
		Release|Any CPU = Release|Any CPU
	EndGlobalSection
	GlobalSection(ProjectConfigurationPlatforms) = postSolution
		{2BF15AB0-1585-49DE-B07E-9AD2EFCDB2F4}.Debug|Any CPU.ActiveCfg = Debug|Any CPU
		{2BF15AB0-1585-49DE-B07E-9AD2EFCDB2F4}.Debug|Any CPU.Build.0 = Debug|Any CPU
		{2BF15AB0-1585-49DE-B07E-9AD2EFCDB2F4}.Release|Any CPU.ActiveCfg = Release|Any CPU
		{2BF15AB0-1585-49DE-B07E-9AD2EFCDB2F4}.Release|Any CPU.Build.0 = Release|Any CPU
	EndGlobalSection
	GlobalSection(SolutionProperties) = preSolution
		HideSolutionNode = FALSE
	EndGlobalSection
	GlobalSection(ExtensibilityGlobals) = postSolution
		SolutionGuid = {7E556117-804C-4E4A-8318-BE110D2E13BF}
	EndGlobalSection
EndGlobal
